
Microsoft Visual Studio Solution File, Format Version 12.00
# Visual Studio Version 17
VisualStudioVersion = 17.0.31903.59
MinimumVisualStudioVersion = 10.0.40219.1
Project("{FAE04EC0-301F-11D3-BF4B-00C04F79EFBC}") = "API", "API\API.csproj", "{52C6F222-7934-4EF0-9A09-3ECEF4A7EE77}"
EndProject
Project("{FAE04EC0-301F-11D3-BF4B-00C04F79EFBC}") = "Core", "Core\Core.csproj", "{3754D87B-7585-4D9B-93DC-D7EB39ECBFA6}"
EndProject
Project("{FAE04EC0-301F-11D3-BF4B-00C04F79EFBC}") = "Infrastructure", "Infrastructure\Infrastructure.csproj", "{4ABBFB6F-747B-464F-A22D-9503F8E68CBC}"
EndProject
Global
	GlobalSection(SolutionConfigurationPlatforms) = preSolution
		Debug|Any CPU = Debug|Any CPU
		Release|Any CPU = Release|Any CPU
	EndGlobalSection
	GlobalSection(SolutionProperties) = preSolution
		HideSolutionNode = FALSE
	EndGlobalSection
	GlobalSection(ProjectConfigurationPlatforms) = postSolution
		{52C6F222-7934-4EF0-9A09-3ECEF4A7EE77}.Debug|Any CPU.ActiveCfg = Debug|Any CPU
		{52C6F222-7934-4EF0-9A09-3ECEF4A7EE77}.Debug|Any CPU.Build.0 = Debug|Any CPU
		{52C6F222-7934-4EF0-9A09-3ECEF4A7EE77}.Release|Any CPU.ActiveCfg = Release|Any CPU
		{52C6F222-7934-4EF0-9A09-3ECEF4A7EE77}.Release|Any CPU.Build.0 = Release|Any CPU
		{3754D87B-7585-4D9B-93DC-D7EB39ECBFA6}.Debug|Any CPU.ActiveCfg = Debug|Any CPU
		{3754D87B-7585-4D9B-93DC-D7EB39ECBFA6}.Debug|Any CPU.Build.0 = Debug|Any CPU
		{3754D87B-7585-4D9B-93DC-D7EB39ECBFA6}.Release|Any CPU.ActiveCfg = Release|Any CPU
		{3754D87B-7585-4D9B-93DC-D7EB39ECBFA6}.Release|Any CPU.Build.0 = Release|Any CPU
		{4ABBFB6F-747B-464F-A22D-9503F8E68CBC}.Debug|Any CPU.ActiveCfg = Debug|Any CPU
		{4ABBFB6F-747B-464F-A22D-9503F8E68CBC}.Debug|Any CPU.Build.0 = Debug|Any CPU
		{4ABBFB6F-747B-464F-A22D-9503F8E68CBC}.Release|Any CPU.ActiveCfg = Release|Any CPU
		{4ABBFB6F-747B-464F-A22D-9503F8E68CBC}.Release|Any CPU.Build.0 = Release|Any CPU
	EndGlobalSection
EndGlobal
